
Microsoft Visual Studio Solution File, Format Version 12.00
# Visual Studio Version 16
VisualStudioVersion = 16.0.31321.278
MinimumVisualStudioVersion = 10.0.40219.1
Project("{FAE04EC0-301F-11D3-BF4B-00C04F79EFBC}") = "AddressBookSystem-RESTSharp", "AddressBookSystem-RESTSharp\AddressBookSystem-RESTSharp.csproj", "{ED9302AD-8056-4202-A682-4EEB125DADB1}"
EndProject
Global
	GlobalSection(SolutionConfigurationPlatforms) = preSolution
		Debug|Any CPU = Debug|Any CPU
		Release|Any CPU = Release|Any CPU
	EndGlobalSection
	GlobalSection(ProjectConfigurationPlatforms) = postSolution
		{ED9302AD-8056-4202-A682-4EEB125DADB1}.Debug|Any CPU.ActiveCfg = Debug|Any CPU
		{ED9302AD-8056-4202-A682-4EEB125DADB1}.Debug|Any CPU.Build.0 = Debug|Any CPU
		{ED9302AD-8056-4202-A682-4EEB125DADB1}.Release|Any CPU.ActiveCfg = Release|Any CPU
		{ED9302AD-8056-4202-A682-4EEB125DADB1}.Release|Any CPU.Build.0 = Release|Any CPU
	EndGlobalSection
	GlobalSection(SolutionProperties) = preSolution
		HideSolutionNode = FALSE
	EndGlobalSection
	GlobalSection(ExtensibilityGlobals) = postSolution
		SolutionGuid = {D050352B-F89C-4AE8-B9BB-9BD88C5AEFB9}
	EndGlobalSection
EndGlobal
